[[package]]
name = "appnope"
version = "0.1.2"
description = "Disable App Nap on macOS >= 10.9"
category = "main"
optional = false
python-versions = "*"

[[package]]
name = "backcall"
version = "0.2.0"
description = "Specifications for callback functions passed in to an API"
category = "main"
optional = false
python-versions = "*"

[[package]]
name = "chardet"
version = "4.0.0"
description = "Universal encoding detector for Python 2 and 3"
category = "main"
optional = false
python-versions = ">=2.7, !=3.0.*, !=3.1.*, !=3.2.*, !=3.3.*, !=3.4.*"

[[package]]
name = "colorama"
version = "0.4.4"
description = "Cross-platform colored terminal text."
category = "main"
optional = false
python-versions = ">=2.7, !=3.0.*, !=3.1.*, !=3.2.*, !=3.3.*, !=3.4.*"

[[package]]
name = "decorator"
version = "5.0.9"
description = "Decorators for Humans"
category = "main"
optional = false
python-versions = ">=3.5"

[[package]]
name = "django"
version = "2.2.24"
description = "A high-level Python Web framework that encourages rapid development and clean, pragmatic design."
category = "main"
optional = false
python-versions = ">=3.5"

[package.dependencies]
pytz = "*"
sqlparse = ">=0.2.2"

[package.extras]
argon2 = ["argon2-cffi (>=16.1.0)"]
bcrypt = ["bcrypt"]

[[package]]
name = "django-common-helpers"
version = "0.9.2"
description = "Common things every Django app needs!"
category = "main"
optional = false
python-versions = "*"

[package.dependencies]
Django = ">=1.8.0"

[[package]]
name = "django-cron"
version = "0.5.1"
description = "Running python crons in a Django project"
category = "main"
optional = false
python-versions = "*"

[package.dependencies]
Django = ">=1.8.0"
django-common-helpers = ">=0.6.4"

[[package]]
name = "django-debug-toolbar"
version = "2.0"
description = "A configurable set of panels that display various debug information about the current request/response."
category = "main"
optional = false
python-versions = ">=3.5"

[package.dependencies]
Django = ">=1.11"
sqlparse = ">=0.2.0"

[[package]]
name = "django-form-utils"
version = "1.0.3"
description = "Form utilities for Django"
category = "main"
optional = false
python-versions = "*"

[[package]]
name = "django-loginas"
version = "0.3.6"
description = "An app to add a \"Log in as user\" button in the Django user admin page."
category = "main"
optional = false
python-versions = "*"

[[package]]
name = "django-recaptcha"
version = "2.0.4"
description = "Django recaptcha form field/widget app."
category = "main"
optional = false
python-versions = "*"

[package.dependencies]
django = ">1.11,<3.0"

[[package]]
name = "django-webpack-loader"
version = "0.7.0"
description = "Transparently use webpack with django"
category = "main"
optional = false
python-versions = "*"

[[package]]
name = "djangocms-admin-style"
version = "1.4.0"
description = "Adds pretty CSS styles for the django CMS admin interface."
category = "main"
optional = false
python-versions = "*"

[[package]]
name = "djangorestframework"
version = "3.9.1"
description = "Web APIs for Django, made easy."
category = "main"
optional = false
python-versions = ">=2.7, !=3.0.*, !=3.1.*, !=3.2.*, !=3.3.*"

[[package]]
name = "djangorestframework-camel-case"
version = "1.1.2"
description = "Camel case JSON support for Django REST framework."
category = "main"
optional = false
python-versions = ">=3.5"

[[package]]
name = "flake8"
version = "3.9.2"
description = "the modular source code checker: pep8 pyflakes and co"
category = "dev"
optional = false
python-versions = "!=3.0.*,!=3.1.*,!=3.2.*,!=3.3.*,!=3.4.*,>=2.7"

[package.dependencies]
mccabe = ">=0.6.0,<0.7.0"
pycodestyle = ">=2.7.0,<2.8.0"
pyflakes = ">=2.3.0,<2.4.0"

[[package]]
name = "gunicorn"
version = "19.9.0"
description = "WSGI HTTP Server for UNIX"
category = "main"
optional = false
python-versions = ">=2.6, !=3.0.*, !=3.1.*"

[package.extras]
eventlet = ["eventlet (>=0.9.7)"]
gevent = ["gevent (>=0.13)"]
tornado = ["tornado (>=0.2)"]

[[package]]
name = "inflection"
version = "0.3.1"
description = "A port of Ruby on Rails inflector to Python"
category = "main"
optional = false
python-versions = "*"

[[package]]
name = "ipdb"
version = "0.13.3"
description = "IPython-enabled pdb"
category = "main"
optional = false
python-versions = ">=2.7"

[package.dependencies]
ipython = {version = ">=5.1.0", markers = "python_version >= \"3.4\""}

[[package]]
name = "ipython"
version = "7.26.0"
description = "IPython: Productive Interactive Computing"
category = "main"
optional = false
python-versions = ">=3.7"

[package.dependencies]
appnope = {version = "*", markers = "sys_platform == \"darwin\""}
backcall = "*"
colorama = {version = "*", markers = "sys_platform == \"win32\""}
decorator = "*"
jedi = ">=0.16"
matplotlib-inline = "*"
pexpect = {version = ">4.3", markers = "sys_platform != \"win32\""}
pickleshare = "*"
prompt-toolkit = ">=2.0.0,<3.0.0 || >3.0.0,<3.0.1 || >3.0.1,<3.1.0"
pygments = "*"
traitlets = ">=4.2"

[package.extras]
all = ["Sphinx (>=1.3)", "ipykernel", "ipyparallel", "ipywidgets", "nbconvert", "nbformat", "nose (>=0.10.1)", "notebook", "numpy (>=1.17)", "pygments", "qtconsole", "requests", "testpath"]
doc = ["Sphinx (>=1.3)"]
kernel = ["ipykernel"]
nbconvert = ["nbconvert"]
nbformat = ["nbformat"]
notebook = ["notebook", "ipywidgets"]
parallel = ["ipyparallel"]
qtconsole = ["qtconsole"]
test = ["nose (>=0.10.1)", "requests", "testpath", "pygments", "nbformat", "ipykernel", "numpy (>=1.17)"]

[[package]]
name = "ipython-genutils"
version = "0.2.0"
description = "Vestigial utilities from IPython"
category = "main"
optional = false
python-versions = "*"

[[package]]
name = "jedi"
version = "0.18.0"
description = "An autocompletion tool for Python that can be used for text editors."
category = "main"
optional = false
python-versions = ">=3.6"

[package.dependencies]
parso = ">=0.8.0,<0.9.0"

[package.extras]
qa = ["flake8 (==3.8.3)", "mypy (==0.782)"]
testing = ["Django (<3.1)", "colorama", "docopt", "pytest (<6.0.0)"]

[[package]]
name = "matplotlib-inline"
version = "0.1.2"
description = "Inline Matplotlib backend for Jupyter"
category = "main"
optional = false
python-versions = ">=3.5"

[package.dependencies]
traitlets = "*"

[[package]]
name = "mccabe"
version = "0.6.1"
description = "McCabe checker, plugin for flake8"
category = "dev"
optional = false
python-versions = "*"

[[package]]
name = "parso"
version = "0.8.2"
description = "A Python Parser"
category = "main"
optional = false
python-versions = ">=3.6"

[package.extras]
qa = ["flake8 (==3.8.3)", "mypy (==0.782)"]
testing = ["docopt", "pytest (<6.0.0)"]

[[package]]
name = "pexpect"
version = "4.8.0"
description = "Pexpect allows easy control of interactive console applications."
category = "main"
optional = false
python-versions = "*"

[package.dependencies]
ptyprocess = ">=0.5"

[[package]]
name = "pickleshare"
version = "0.7.5"
description = "Tiny 'shelve'-like database with concurrency support"
category = "main"
optional = false
python-versions = "*"

[[package]]
name = "prompt-toolkit"
version = "2.0.10"
description = "Library for building powerful interactive command lines in Python"
category = "main"
optional = false
python-versions = ">=2.6, !=3.0.*, !=3.1.*, !=3.2.*"

[package.dependencies]
six = ">=1.9.0"
wcwidth = "*"

[[package]]
name = "psycopg2-binary"
version = "2.8.5"
description = "psycopg2 - Python-PostgreSQL Database Adapter"
category = "main"
optional = false
python-versions = ">=2.7,!=3.0.*,!=3.1.*,!=3.2.*,!=3.3.*"

[[package]]
name = "ptyprocess"
version = "0.7.0"
description = "Run a subprocess in a pseudo terminal"
category = "main"
optional = false
python-versions = "*"

[[package]]
name = "pycodestyle"
version = "2.7.0"
description = "Python style guide checker"
category = "dev"
optional = false
python-versions = ">=2.7, !=3.0.*, !=3.1.*, !=3.2.*, !=3.3.*"

[[package]]
name = "pyflakes"
version = "2.3.1"
description = "passive checker of Python programs"
category = "dev"
optional = false
python-versions = ">=2.7, !=3.0.*, !=3.1.*, !=3.2.*, !=3.3.*"

[[package]]
name = "pygments"
version = "2.9.0"
description = "Pygments is a syntax highlighting package written in Python."
category = "main"
optional = false
python-versions = ">=3.5"

[[package]]
name = "pypugjs"
version = "5.8.1"
description = "PugJS syntax template adapter for Django, Jinja2, Mako and Tornado templates"
category = "main"
optional = false
python-versions = "*"

[package.dependencies]
chardet = "*"
six = "*"

[[package]]
name = "python-memcached"
version = "1.59"
description = "Pure python memcached client"
category = "main"
optional = false
python-versions = "*"

[package.dependencies]
six = ">=1.4.0"

[[package]]
name = "pytz"
version = "2020.1"
description = "World timezone definitions, modern and historical"
category = "main"
optional = false
python-versions = "*"

[[package]]
name = "six"
version = "1.16.0"
description = "Python 2 and 3 compatibility utilities"
category = "main"
optional = false
python-versions = ">=2.7, !=3.0.*, !=3.1.*, !=3.2.*"

[[package]]
name = "sqlparse"
version = "0.4.1"
description = "A non-validating SQL parser."
category = "main"
optional = false
python-versions = ">=3.5"

[[package]]
name = "traitlets"
version = "5.0.5"
description = "Traitlets Python configuration system"
category = "main"
optional = false
python-versions = ">=3.7"

[package.dependencies]
ipython-genutils = "*"

[package.extras]
test = ["pytest"]

[[package]]
name = "wcwidth"
version = "0.2.5"
description = "Measures the displayed width of unicode strings in a terminal"
category = "main"
optional = false
python-versions = "*"

[metadata]
lock-version = "1.1"
python-versions = "^3.8"
content-hash = "500fadfa8c9563f4c7023a8c886b008e1bbb672bb99cd79d1990cb8f1e5582a5"

[metadata.files]
appnope = [
    {file = "appnope-0.1.2-py2.py3-none-any.whl", hash = "sha256:93aa393e9d6c54c5cd570ccadd8edad61ea0c4b9ea7a01409020c9aa019eb442"},
    {file = "appnope-0.1.2.tar.gz", hash = "sha256:dd83cd4b5b460958838f6eb3000c660b1f9caf2a5b1de4264e941512f603258a"},
]
backcall = [
    {file = "backcall-0.2.0-py2.py3-none-any.whl", hash = "sha256:fbbce6a29f263178a1f7915c1940bde0ec2b2a967566fe1c65c1dfb7422bd255"},
    {file = "backcall-0.2.0.tar.gz", hash = "sha256:5cbdbf27be5e7cfadb448baf0aa95508f91f2bbc6c6437cd9cd06e2a4c215e1e"},
]
chardet = [
    {file = "chardet-4.0.0-py2.py3-none-any.whl", hash = "sha256:f864054d66fd9118f2e67044ac8981a54775ec5b67aed0441892edb553d21da5"},
    {file = "chardet-4.0.0.tar.gz", hash = "sha256:0d6f53a15db4120f2b08c94f11e7d93d2c911ee118b6b30a04ec3ee8310179fa"},
]
colorama = [
    {file = "colorama-0.4.4-py2.py3-none-any.whl", hash = "sha256:9f47eda37229f68eee03b24b9748937c7dc3868f906e8ba69fbcbdd3bc5dc3e2"},
    {file = "colorama-0.4.4.tar.gz", hash = "sha256:5941b2b48a20143d2267e95b1c2a7603ce057ee39fd88e7329b0c292aa16869b"},
]
decorator = [
    {file = "decorator-5.0.9-py3-none-any.whl", hash = "sha256:6e5c199c16f7a9f0e3a61a4a54b3d27e7dad0dbdde92b944426cb20914376323"},
    {file = "decorator-5.0.9.tar.gz", hash = "sha256:72ecfba4320a893c53f9706bebb2d55c270c1e51a28789361aa93e4a21319ed5"},
]
django = [
    {file = "Django-2.2.24-py3-none-any.whl", hash = "sha256:f2084ceecff86b1e631c2cd4107d435daf4e12f1efcdf11061a73bf0b5e95f92"},
    {file = "Django-2.2.24.tar.gz", hash = "sha256:3339ff0e03dee13045aef6ae7b523edff75b6d726adf7a7a48f53d5a501f7db7"},
]
django-common-helpers = [
    {file = "django-common-helpers-0.9.2.tar.gz", hash = "sha256:2d56be6fa261d829a6a224f189bf276267b9082a17d613fe5f015dd4d65c17b4"},
]
django-cron = [
    {file = "django-cron-0.5.1.tar.gz", hash = "sha256:08d22708c8b2ecab8cda989019a66c7e1e2424c59d822796fd45abf7731d261d"},
]
django-debug-toolbar = [
    {file = "django-debug-toolbar-2.0.tar.gz", hash = "sha256:17c53cd6bf4e7d69902aedf9a1d26c5d3b7369b54c5718744704f27b5a72f35d"},
    {file = "django_debug_toolbar-2.0-py3-none-any.whl", hash = "sha256:9a23ada2e43cd989195db3c18710b5d7451134a0d48127ab64c1d2ad81700342"},
]
django-form-utils = [
    {file = "django-form-utils-1.0.3.tar.gz", hash = "sha256:670d0c6ce809aa91f17b6cb8905dab7a56d054191251540d5d011649c4fda108"},
]
django-loginas = [
    {file = "django-loginas-0.3.6.tar.gz", hash = "sha256:bd72331883954836e0e78df63e4e49e928c284d0f889f40cd227f892b1d26eff"},
    {file = "django_loginas-0.3.6-py2.py3-none-any.whl", hash = "sha256:d45ef6d67414526aae3020948ad9ac2f5e5f806a3f2d197dbdc148ce685b147a"},
]
django-recaptcha = [
    {file = "django-recaptcha-2.0.4.tar.gz", hash = "sha256:eeae26a6888e752092fe4cc8bf27b8936e957447ba6f3d293249199aa851fb4a"},
    {file = "django_recaptcha-2.0.4-py2.py3-none-any.whl", hash = "sha256:cefa62157a8fa1fa2f3f4a978792781cb7c5a6dc5c1df703ac910ccd03426dee"},
    {file = "django_recaptcha-2.0.4-py3.6.egg", hash = "sha256:e588fff328d924617ef39ba98f3b50fa6ccb0f81e05255ca04bcfc2427b81c12"},
]
django-webpack-loader = [
    {file = "django-webpack-loader-0.7.0.tar.gz", hash = "sha256:7a3c88201aa54481f9399465615cbe7b9aece8081496a6d0287b7cb8e232f447"},
    {file = "django_webpack_loader-0.7.0-py2.py3-none-any.whl", hash = "sha256:d28a276ed3d89e97a313b74967e373693f8b86afe629f4c91eea91c5b4f2ec20"},
]
djangocms-admin-style = [
    {file = "djangocms-admin-style-1.4.0.tar.gz", hash = "sha256:0ff3f45ed56e98c92fcabf219377f4165ab20a4cb2d018c1da461b6b85179177"},
]
djangorestframework = [
    {file = "djangorestframework-3.9.1-py2.py3-none-any.whl", hash = "sha256:a4138613b67e3a223be6c97f53b13d759c5b90d2b433bad670b8ebf95402075f"},
    {file = "djangorestframework-3.9.1.tar.gz", hash = "sha256:79c6efbb2514bc50cf25906d7c0a5cfead714c7af667ff4bd110312cd380ae66"},
]
djangorestframework-camel-case = [
    {file = "djangorestframework-camel-case-1.1.2.tar.gz", hash = "sha256:9eba4a2f959e1e46b7d0f6136baf950552b2a4a695d4bb3cfb0c37be25294574"},
]
flake8 = [
    {file = "flake8-3.9.2-py2.py3-none-any.whl", hash = "sha256:bf8fd333346d844f616e8d47905ef3a3384edae6b4e9beb0c5101e25e3110907"},
    {file = "flake8-3.9.2.tar.gz", hash = "sha256:07528381786f2a6237b061f6e96610a4167b226cb926e2aa2b6b1d78057c576b"},
]
gunicorn = [
    {file = "gunicorn-19.9.0-py2.py3-none-any.whl", hash = "sha256:aa8e0b40b4157b36a5df5e599f45c9c76d6af43845ba3b3b0efe2c70473c2471"},
    {file = "gunicorn-19.9.0.tar.gz", hash = "sha256:fa2662097c66f920f53f70621c6c58ca4a3c4d3434205e608e121b5b3b71f4f3"},
]
inflection = [
    {file = "inflection-0.3.1.tar.gz", hash = "sha256:18ea7fb7a7d152853386523def08736aa8c32636b047ade55f7578c4edeb16ca"},
]
ipdb = [
    {file = "ipdb-0.13.3.tar.gz", hash = "sha256:d6f46d261c45a65e65a2f7ec69288a1c511e16206edb2875e7ec6b2f66997e78"},
]
ipython = [
    {file = "ipython-7.26.0-py3-none-any.whl", hash = "sha256:892743b65c21ed72b806a3a602cca408520b3200b89d1924f4b3d2cdb3692362"},
    {file = "ipython-7.26.0.tar.gz", hash = "sha256:0cff04bb042800129348701f7bd68a430a844e8fb193979c08f6c99f28bb735e"},
]
ipython-genutils = [
    {file = "ipython_genutils-0.2.0-py2.py3-none-any.whl", hash = "sha256:72dd37233799e619666c9f639a9da83c34013a73e8bbc79a7a6348d93c61fab8"},
    {file = "ipython_genutils-0.2.0.tar.gz", hash = "sha256:eb2e116e75ecef9d4d228fdc66af54269afa26ab4463042e33785b887c628ba8"},
]
jedi = [
    {file = "jedi-0.18.0-py2.py3-none-any.whl", hash = "sha256:18456d83f65f400ab0c2d3319e48520420ef43b23a086fdc05dff34132f0fb93"},
    {file = "jedi-0.18.0.tar.gz", hash = "sha256:92550a404bad8afed881a137ec9a461fed49eca661414be45059329614ed0707"},
]
matplotlib-inline = [
    {file = "matplotlib-inline-0.1.2.tar.gz", hash = "sha256:f41d5ff73c9f5385775d5c0bc13b424535c8402fe70ea8210f93e11f3683993e"},
    {file = "matplotlib_inline-0.1.2-py3-none-any.whl", hash = "sha256:5cf1176f554abb4fa98cb362aa2b55c500147e4bdbb07e3fda359143e1da0811"},
]
mccabe = [
    {file = "mccabe-0.6.1-py2.py3-none-any.whl", hash = "sha256:ab8a6258860da4b6677da4bd2fe5dc2c659cff31b3ee4f7f5d64e79735b80d42"},
    {file = "mccabe-0.6.1.tar.gz", hash = "sha256:dd8d182285a0fe56bace7f45b5e7d1a6ebcbf524e8f3bd87eb0f125271b8831f"},
]
parso = [
    {file = "parso-0.8.2-py2.py3-none-any.whl", hash = "sha256:a8c4922db71e4fdb90e0d0bc6e50f9b273d3397925e5e60a717e719201778d22"},
    {file = "parso-0.8.2.tar.gz", hash = "sha256:12b83492c6239ce32ff5eed6d3639d6a536170723c6f3f1506869f1ace413398"},
]
pexpect = [
    {file = "pexpect-4.8.0-py2.py3-none-any.whl", hash = "sha256:0b48a55dcb3c05f3329815901ea4fc1537514d6ba867a152b581d69ae3710937"},
    {file = "pexpect-4.8.0.tar.gz", hash = "sha256:fc65a43959d153d0114afe13997d439c22823a27cefceb5ff35c2178c6784c0c"},
]
pickleshare = [
    {file = "pickleshare-0.7.5-py2.py3-none-any.whl", hash = "sha256:9649af414d74d4df115d5d718f82acb59c9d418196b7b4290ed47a12ce62df56"},
    {file = "pickleshare-0.7.5.tar.gz", hash = "sha256:87683d47965c1da65cdacaf31c8441d12b8044cdec9aca500cd78fc2c683afca"},
]
prompt-toolkit = [
    {file = "prompt_toolkit-2.0.10-py2-none-any.whl", hash = "sha256:e7f8af9e3d70f514373bf41aa51bc33af12a6db3f71461ea47fea985defb2c31"},
    {file = "prompt_toolkit-2.0.10-py3-none-any.whl", hash = "sha256:46642344ce457641f28fc9d1c9ca939b63dadf8df128b86f1b9860e59c73a5e4"},
    {file = "prompt_toolkit-2.0.10.tar.gz", hash = "sha256:f15af68f66e664eaa559d4ac8a928111eebd5feda0c11738b5998045224829db"},
]
psycopg2-binary = [
    {file = "psycopg2-binary-2.8.5.tar.gz", hash = "sha256:ccdc6a87f32b491129ada4b87a43b1895cf2c20fdb7f98ad979647506ffc41b6"},
    {file = "psycopg2_binary-2.8.5-cp27-cp27m-macosx_10_6_intel.macosx_10_9_intel.macosx_10_9_x86_64.macosx_10_10_intel.macosx_10_10_x86_64.whl", hash = "sha256:96d3038f5bd061401996614f65d27a4ecb62d843eb4f48e212e6d129171a721f"},
    {file = "psycopg2_binary-2.8.5-cp27-cp27m-manylinux1_i686.whl", hash = "sha256:08507efbe532029adee21b8d4c999170a83760d38249936038bd0602327029b5"},
    {file = "psycopg2_binary-2.8.5-cp27-cp27m-manylinux1_x86_64.whl", hash = "sha256:b9a8b391c2b0321e0cd7ec6b4cfcc3dd6349347bd1207d48bcb752aa6c553a66"},
    {file = "psycopg2_binary-2.8.5-cp27-cp27m-win32.whl", hash = "sha256:3286541b9d85a340ee4ed42732d15fc1bb441dc500c97243a768154ab8505bb5"},
    {file = "psycopg2_binary-2.8.5-cp27-cp27m-win_amd64.whl", hash = "sha256:008da3ab51adc70a5f1cfbbe5db3a22607ab030eb44bcecf517ad11a0c2b3cac"},
    {file = "psycopg2_binary-2.8.5-cp27-cp27mu-manylinux1_i686.whl", hash = "sha256:ba13346ff6d3eb2dca0b6fa0d8a9d999eff3dcd9b55f3a890f12b0b6362b2b38"},
    {file = "psycopg2_binary-2.8.5-cp27-cp27mu-manylinux1_x86_64.whl", hash = "sha256:c8830b7d5f16fd79d39b21e3d94f247219036b29b30c8270314c46bf8b732389"},
    {file = "psycopg2_binary-2.8.5-cp34-cp34m-win32.whl", hash = "sha256:51f7823f1b087d2020d8e8c9e6687473d3d239ba9afc162d9b2ab6e80b53f9f9"},
    {file = "psycopg2_binary-2.8.5-cp34-cp34m-win_amd64.whl", hash = "sha256:107d9be3b614e52a192719c6bf32e8813030020ea1d1215daa86ded9a24d8b04"},
    {file = "psycopg2_binary-2.8.5-cp35-cp35m-macosx_10_6_intel.macosx_10_9_intel.macosx_10_9_x86_64.macosx_10_10_intel.macosx_10_10_x86_64.whl", hash = "sha256:930315ac53dc65cbf52ab6b6d27422611f5fb461d763c531db229c7e1af6c0b3"},
    {file = "psycopg2_binary-2.8.5-cp35-cp35m-manylinux1_i686.whl", hash = "sha256:6bb2dd006a46a4a4ce95201f836194eb6a1e863f69ee5bab506673e0ca767057"},
    {file = "psycopg2_binary-2.8.5-cp35-cp35m-manylinux1_x86_64.whl", hash = "sha256:3939cf75fc89c5e9ed836e228c4a63604dff95ad19aed2bbf71d5d04c15ed5ce"},
    {file = "psycopg2_binary-2.8.5-cp35-cp35m-win32.whl", hash = "sha256:a20299ee0ea2f9cca494396ac472d6e636745652a64a418b39522c120fd0a0a4"},
    {file = "psycopg2_binary-2.8.5-cp35-cp35m-win_amd64.whl", hash = "sha256:cc30cb900f42c8a246e2cb76539d9726f407330bc244ca7729c41a44e8d807fb"},
    {file = "psycopg2_binary-2.8.5-cp36-cp36m-macosx_10_6_intel.macosx_10_9_intel.macosx_10_9_x86_64.macosx_10_10_intel.macosx_10_10_x86_64.whl", hash = "sha256:40abc319f7f26c042a11658bf3dd3b0b3bceccf883ec1c565d5c909a90204434"},
    {file = "psycopg2_binary-2.8.5-cp36-cp36m-manylinux1_i686.whl", hash = "sha256:702f09d8f77dc4794651f650828791af82f7c2efd8c91ae79e3d9fe4bb7d4c98"},
    {file = "psycopg2_binary-2.8.5-cp36-cp36m-manylinux1_x86_64.whl", hash = "sha256:d1a8b01f6a964fec702d6b6dac1f91f2b9f9fe41b310cbb16c7ef1fac82df06d"},
    {file = "psycopg2_binary-2.8.5-cp36-cp36m-win32.whl", hash = "sha256:17a0ea0b0eabf07035e5e0d520dabc7950aeb15a17c6d36128ba99b2721b25b1"},
    {file = "psycopg2_binary-2.8.5-cp36-cp36m-win_amd64.whl", hash = "sha256:e004db88e5a75e5fdab1620fb9f90c9598c2a195a594225ac4ed2a6f1c23e162"},
    {file = "psycopg2_binary-2.8.5-cp37-cp37m-macosx_10_6_intel.macosx_10_9_intel.macosx_10_9_x86_64.macosx_10_10_intel.macosx_10_10_x86_64.whl", hash = "sha256:a34826d6465c2e2bbe9d0605f944f19d2480589f89863ed5f091943be27c9de4"},
    {file = "psycopg2_binary-2.8.5-cp37-cp37m-manylinux1_i686.whl", hash = "sha256:cac918cd7c4c498a60f5d2a61d4f0a6091c2c9490d81bc805c963444032d0dab"},
    {file = "psycopg2_binary-2.8.5-cp37-cp37m-manylinux1_x86_64.whl", hash = "sha256:7b832d76cc65c092abd9505cc670c4e3421fd136fb6ea5b94efbe4c146572505"},
    {file = "psycopg2_binary-2.8.5-cp37-cp37m-win32.whl", hash = "sha256:bb0608694a91db1e230b4a314e8ed00ad07ed0c518f9a69b83af2717e31291a3"},
    {file = "psycopg2_binary-2.8.5-cp37-cp37m-win_amd64.whl", hash = "sha256:eb2f43ae3037f1ef5e19339c41cf56947021ac892f668765cd65f8ab9814192e"},
    {file = "psycopg2_binary-2.8.5-cp38-cp38-macosx_10_9_x86_64.macosx_10_9_intel.macosx_10_10_intel.macosx_10_10_x86_64.whl", hash = "sha256:07cf82c870ec2d2ce94d18e70c13323c89f2f2a2628cbf1feee700630be2519a"},
    {file = "psycopg2_binary-2.8.5-cp38-cp38-manylinux1_i686.whl", hash = "sha256:a69970ee896e21db4c57e398646af9edc71c003bc52a3cc77fb150240fefd266"},
    {file = "psycopg2_binary-2.8.5-cp38-cp38-manylinux1_x86_64.whl", hash = "sha256:7036ccf715925251fac969f4da9ad37e4b7e211b1e920860148a10c0de963522"},
    {file = "psycopg2_binary-2.8.5-cp38-cp38-win32.whl", hash = "sha256:8f74e631b67482d504d7e9cf364071fc5d54c28e79a093ff402d5f8f81e23bfa"},
    {file = "psycopg2_binary-2.8.5-cp38-cp38-win_amd64.whl", hash = "sha256:fa466306fcf6b39b8a61d003123d442b23707d635a5cb05ac4e1b62cc79105cd"},
]
ptyprocess = [
    {file = "ptyprocess-0.7.0-py2.py3-none-any.whl", hash = "sha256:4b41f3967fce3af57cc7e94b888626c18bf37a083e3651ca8feeb66d492fef35"},
    {file = "ptyprocess-0.7.0.tar.gz", hash = "sha256:5c5d0a3b48ceee0b48485e0c26037c0acd7d29765ca3fbb5cb3831d347423220"},
]
pycodestyle = [
    {file = "pycodestyle-2.7.0-py2.py3-none-any.whl", hash = "sha256:514f76d918fcc0b55c6680472f0a37970994e07bbb80725808c17089be302068"},
    {file = "pycodestyle-2.7.0.tar.gz", hash = "sha256:c389c1d06bf7904078ca03399a4816f974a1d590090fecea0c63ec26ebaf1cef"},
]
pyflakes = [
    {file = "pyflakes-2.3.1-py2.py3-none-any.whl", hash = "sha256:7893783d01b8a89811dd72d7dfd4d84ff098e5eed95cfa8905b22bbffe52efc3"},
    {file = "pyflakes-2.3.1.tar.gz", hash = "sha256:f5bc8ecabc05bb9d291eb5203d6810b49040f6ff446a756326104746cc00c1db"},
]
pygments = [
    {file = "Pygments-2.9.0-py3-none-any.whl", hash = "sha256:d66e804411278594d764fc69ec36ec13d9ae9147193a1740cd34d272ca383b8e"},
    {file = "Pygments-2.9.0.tar.gz", hash = "sha256:a18f47b506a429f6f4b9df81bb02beab9ca21d0a5fee38ed15aef65f0545519f"},
]
pypugjs = [
    {file = "pypugjs-5.8.1-py2.py3-none-any.whl", hash = "sha256:a6da44ac31682d30e9a564f28c429ef93387bfba540a01c8227c4a5b4529b3bd"},
]
python-memcached = [
    {file = "python-memcached-1.59.tar.gz", hash = "sha256:a2e28637be13ee0bf1a8b6843e7490f9456fd3f2a4cb60471733c7b5d5557e4f"},
    {file = "python_memcached-1.59-py2.py3-none-any.whl", hash = "sha256:4dac64916871bd3550263323fc2ce18e1e439080a2d5670c594cf3118d99b594"},
]
pytz = [
    {file = "pytz-2020.1-py2.py3-none-any.whl", hash = "sha256:a494d53b6d39c3c6e44c3bec237336e14305e4f29bbf800b599253057fbb79ed"},
    {file = "pytz-2020.1.tar.gz", hash = "sha256:c35965d010ce31b23eeb663ed3cc8c906275d6be1a34393a1d73a41febf4a048"},
]
six = [
    {file = "six-1.16.0-py2.py3-none-any.whl", hash = "sha256:8abb2f1d86890a2dfb989f9a77cfcfd3e47c2a354b01111771326f8aa26e0254"},
    {file = "six-1.16.0.tar.gz", hash = "sha256:1e61c37477a1626458e36f7b1d82aa5c9b094fa4802892072e49de9c60c4c926"},
]
sqlparse = [
    {file = "sqlparse-0.4.1-py3-none-any.whl", hash = "sha256:017cde379adbd6a1f15a61873f43e8274179378e95ef3fede90b5aa64d304ed0"},
    {file = "sqlparse-0.4.1.tar.gz", hash = "sha256:0f91fd2e829c44362cbcfab3e9ae12e22badaa8a29ad5ff599f9ec109f0454e8"},
]
traitlets = [
    {file = "traitlets-5.0.5-py3-none-any.whl", hash = "sha256:69ff3f9d5351f31a7ad80443c2674b7099df13cc41fc5fa6e2f6d3b0330b0426"},
    {file = "traitlets-5.0.5.tar.gz", hash = "sha256:178f4ce988f69189f7e523337a3e11d91c786ded9360174a3d9ca83e79bc5396"},
]
wcwidth = [
    {file = "wcwidth-0.2.5-py2.py3-none-any.whl", hash = "sha256:beb4802a9cebb9144e99086eff703a642a13d6a0052920003a230f3294bbe784"},
    {file = "wcwidth-0.2.5.tar.gz", hash = "sha256:c4d647b99872929fdb7bdcaa4fbe7f01413ed3d98077df798530e5b04f116c83"},
]
